
Microsoft Visual Studio Solution File, Format Version 12.00
# Visual Studio Version 16
VisualStudioVersion = 16.0.30503.244
MinimumVisualStudioVersion = 10.0.40219.1
Project("{FAE04EC0-301F-11D3-BF4B-00C04F79EFBC}") = "AzureFunctionToS3", "AzureFunctionToS3\AzureFunctionToS3.csproj", "{AFA2EE0C-CAA2-48AF-BD9E-AFF81BDC66A7}"
EndProject
Global
	GlobalSection(SolutionConfigurationPlatforms) = preSolution
		Debug|Any CPU = Debug|Any CPU
		Release|Any CPU = Release|Any CPU
	EndGlobalSection
	GlobalSection(ProjectConfigurationPlatforms) = postSolution
		{AFA2EE0C-CAA2-48AF-BD9E-AFF81BDC66A7}.Debug|Any CPU.ActiveCfg = Debug|Any CPU
		{AFA2EE0C-CAA2-48AF-BD9E-AFF81BDC66A7}.Debug|Any CPU.Build.0 = Debug|Any CPU
		{AFA2EE0C-CAA2-48AF-BD9E-AFF81BDC66A7}.Release|Any CPU.ActiveCfg = Release|Any CPU
		{AFA2EE0C-CAA2-48AF-BD9E-AFF81BDC66A7}.Release|Any CPU.Build.0 = Release|Any CPU
	EndGlobalSection
	GlobalSection(SolutionProperties) = preSolution
		HideSolutionNode = FALSE
	EndGlobalSection
	GlobalSection(ExtensibilityGlobals) = postSolution
		SolutionGuid = {0E8DED98-DDBE-4A59-A87B-C8C047AE8847}
	EndGlobalSection
EndGlobal
